
Microsoft Visual Studio Solution File, Format Version 12.00
# Visual Studio Version 17
VisualStudioVersion = 17.4.33213.308
MinimumVisualStudioVersion = 10.0.40219.1
Project("{FAE04EC0-301F-11D3-BF4B-00C04F79EFBC}") = "ShowHideColumnSeparator", "ShowHideColumnSeparator.csproj", "{10AC9AEB-B0E7-4DDD-A12A-7ED298CB1E46}"
EndProject
Global
	GlobalSection(SolutionConfigurationPlatforms) = preSolution
		Debug|Any CPU = Debug|Any CPU
		Release|Any CPU = Release|Any CPU
	EndGlobalSection
	GlobalSection(ProjectConfigurationPlatforms) = postSolution
		{10AC9AEB-B0E7-4DDD-A12A-7ED298CB1E46}.Debug|Any CPU.ActiveCfg = Debug|Any CPU
		{10AC9AEB-B0E7-4DDD-A12A-7ED298CB1E46}.Debug|Any CPU.Build.0 = Debug|Any CPU
		{10AC9AEB-B0E7-4DDD-A12A-7ED298CB1E46}.Release|Any CPU.ActiveCfg = Release|Any CPU
		{10AC9AEB-B0E7-4DDD-A12A-7ED298CB1E46}.Release|Any CPU.Build.0 = Release|Any CPU
	EndGlobalSection
	GlobalSection(SolutionProperties) = preSolution
		HideSolutionNode = FALSE
	EndGlobalSection
	GlobalSection(ExtensibilityGlobals) = postSolution
		SolutionGuid = {93DE1AB3-F2D7-4A88-9FC0-FF4E9134F41D}
	EndGlobalSection
EndGlobal
